
Microsoft Visual Studio Solution File, Format Version 12.00
# Visual Studio Express 2012 for Windows Desktop
Project("{FAE04EC0-301F-11D3-BF4B-00C04F79EFBC}") = "Joasd.QueryResult.Library", "Joasd.QueryResult.Library\Joasd.QueryResult.Library.csproj", "{F31D4C33-2CE0-47FC-97C1-E3CC37BA6DF3}"
EndProject
Project("{FAE04EC0-301F-11D3-BF4B-00C04F79EFBC}") = "Joasd.QueryResult.Test", "Joasd.QueryResult.Test\Joasd.QueryResult.Test.csproj", "{18771973-E820-4D92-8B1F-B6D56AFB7E8B}"
EndProject
Global
	GlobalSection(SolutionConfigurationPlatforms) = preSolution
		Debug|Any CPU = Debug|Any CPU
		Release|Any CPU = Release|Any CPU
	EndGlobalSection
	GlobalSection(ProjectConfigurationPlatforms) = postSolution
		{F31D4C33-2CE0-47FC-97C1-E3CC37BA6DF3}.Debug|Any CPU.ActiveCfg = Debug|Any CPU
		{F31D4C33-2CE0-47FC-97C1-E3CC37BA6DF3}.Debug|Any CPU.Build.0 = Debug|Any CPU
		{F31D4C33-2CE0-47FC-97C1-E3CC37BA6DF3}.Release|Any CPU.ActiveCfg = Release|Any CPU
		{F31D4C33-2CE0-47FC-97C1-E3CC37BA6DF3}.Release|Any CPU.Build.0 = Release|Any CPU
		{18771973-E820-4D92-8B1F-B6D56AFB7E8B}.Debug|Any CPU.ActiveCfg = Debug|Any CPU
		{18771973-E820-4D92-8B1F-B6D56AFB7E8B}.Debug|Any CPU.Build.0 = Debug|Any CPU
		{18771973-E820-4D92-8B1F-B6D56AFB7E8B}.Release|Any CPU.ActiveCfg = Release|Any CPU
		{18771973-E820-4D92-8B1F-B6D56AFB7E8B}.Release|Any CPU.Build.0 = Release|Any CPU
	EndGlobalSection
	GlobalSection(SolutionProperties) = preSolution
		HideSolutionNode = FALSE
	EndGlobalSection
EndGlobal
